// !$*UTF8*$!
{
	archiveVersion = 1;
	classes = {
	};
	objectVersion = 56;
	objects = {

/* Begin PBXBuildFile section */
		906A23D42CB508D00095A705 /* Finance_CalculatorApp.swift in Sources */ = {isa = PBXBuildFile; fileRef = 906A23D32CB508D00095A705 /* Finance_CalculatorApp.swift */; };
		906A23D62CB508D00095A705 /* ContentView.swift in Sources */ = {isa = PBXBuildFile; fileRef = 906A23D52CB508D00095A705 /* ContentView.swift */; };
		906A23D82CB508D10095A705 /* Assets.xcassets in Resources */ = {isa = PBXBuildFile; fileRef = 906A23D72CB508D10095A705 /* Assets.xcassets */; };
		906A23DB2CB508D10095A705 /* Preview Assets.xcassets in Resources */ = {isa = PBXBuildFile; fileRef = 906A23DA2CB508D10095A705 /* Preview Assets.xcassets */; };
		906A23DD2CB508D10095A705 /* Persistence.swift in Sources */ = {isa = PBXBuildFile; fileRef = 906A23DC2CB508D10095A705 /* Persistence.swift */; };
		906A23E02CB508D10095A705 /* Finance_Calculator.xcdatamodeld in Sources */ = {isa = PBXBuildFile; fileRef = 906A23DE2CB508D10095A705 /* Finance_Calculator.xcdatamodeld */; };
		906A23E82CB5F4ED0095A705 /* TransactionView.swift in Sources */ = {isa = PBXBuildFile; fileRef = 906A23E72CB5F4ED0095A705 /* TransactionView.swift */; };
		906A23EA2CB5F54E0095A705 /* ExampleView.swift in Sources */ = {isa = PBXBuildFile; fileRef = 906A23E92CB5F54E0095A705 /* ExampleView.swift */; };
		906A23EE2CB5F7710095A705 /* MerchantView.swift in Sources */ = {isa = PBXBuildFile; fileRef = 906A23ED2CB5F7710095A705 /* MerchantView.swift */; };
		906A23F02CB5F7870095A705 /* VisualView.swift in Sources */ = {isa = PBXBuildFile; fileRef = 906A23EF2CB5F7870095A705 /* VisualView.swift */; };
/* End PBXBuildFile section */

/* Begin PBXFileReference section */
		906A23D02CB508D00095A705 /* Finance Calculator.app */ = {isa = PBXFileReference; explicitFileType = wrapper.application; includeInIndex = 0; path = "Finance Calculator.app"; sourceTree = BUILT_PRODUCTS_DIR; };
		906A23D32CB508D00095A705 /* Finance_CalculatorApp.swift */ = {isa = PBXFileReference; lastKnownFileType = sourcecode.swift; path = Finance_CalculatorApp.swift; sourceTree = "<group>"; };
		906A23D52CB508D00095A705 /* ContentView.swift */ = {isa = PBXFileReference; lastKnownFileType = sourcecode.swift; path = ContentView.swift; sourceTree = "<group>"; };
		906A23D72CB508D10095A705 /* Assets.xcassets */ = {isa = PBXFileReference; lastKnownFileType = folder.assetcatalog; path = Assets.xcassets; sourceTree = "<group>"; };
		906A23DA2CB508D10095A705 /* Preview Assets.xcassets */ = {isa = PBXFileReference; lastKnownFileType = folder.assetcatalog; path = "Preview Assets.xcassets"; sourceTree = "<group>"; };
		906A23DC2CB508D10095A705 /* Persistence.swift */ = {isa = PBXFileReference; lastKnownFileType = sourcecode.swift; path = Persistence.swift; sourceTree = "<group>"; };
		906A23DF2CB508D10095A705 /* Finance_Calculator.xcdatamodel */ = {isa = PBXFileReference; lastKnownFileType = wrapper.xcdatamodel; path = Finance_Calculator.xcdatamodel; sourceTree = "<group>"; };
		906A23E72CB5F4ED0095A705 /* TransactionView.swift */ = {isa = PBXFileReference; lastKnownFileType = sourcecode.swift; path = TransactionView.swift; sourceTree = "<group>"; };
		906A23E92CB5F54E0095A705 /* ExampleView.swift */ = {isa = PBXFileReference; lastKnownFileType = sourcecode.swift; path = ExampleView.swift; sourceTree = "<group>"; };
		906A23ED2CB5F7710095A705 /* MerchantView.swift */ = {isa = PBXFileReference; lastKnownFileType = sourcecode.swift; path = MerchantView.swift; sourceTree = "<group>"; };
		906A23EF2CB5F7870095A705 /* VisualView.swift */ = {isa = PBXFileReference; lastKnownFileType = sourcecode.swift; path = VisualView.swift; sourceTree = "<group>"; };
/* End PBXFileReference section */

/* Begin PBXFrameworksBuildPhase section */
		906A23CD2CB508D00095A705 /* Frameworks */ = {
			isa = PBXFrameworksBuildPhase;
			buildActionMask = 2147483647;
			files = (
			);
			runOnlyForDeploymentPostprocessing = 0;
		};
/* End PBXFrameworksBuildPhase section */

/* Begin PBXGroup section */
		906A23C72CB508D00095A705 = {
			isa = PBXGroup;
			children = (
				906A23D22CB508D00095A705 /* Finance Calculator */,
				906A23D12CB508D00095A705 /* Products */,
			);
			sourceTree = "<group>";
		};
		906A23D12CB508D00095A705 /* Products */ = {
			isa = PBXGroup;
			children = (
				906A23D02CB508D00095A705 /* Finance Calculator.app */,
			);
			name = Products;
			sourceTree = "<group>";
		};
		906A23D22CB508D00095A705 /* Finance Calculator */ = {
			isa = PBXGroup;
			children = (
				906A23EB2CB5F7450095A705 /* Merchants */,
				906A23E62CB5F4D00095A705 /* Transaction */,
				906A23EC2CB5F74D0095A705 /* Visuals */,
				906A23D32CB508D00095A705 /* Finance_CalculatorApp.swift */,
				906A23D52CB508D00095A705 /* ContentView.swift */,
				906A23D72CB508D10095A705 /* Assets.xcassets */,
				906A23DC2CB508D10095A705 /* Persistence.swift */,
				906A23DE2CB508D10095A705 /* Finance_Calculator.xcdatamodeld */,
				906A23D92CB508D10095A705 /* Preview Content */,
				906A23E92CB5F54E0095A705 /* ExampleView.swift */,
			);
			path = "Finance Calculator";
			sourceTree = "<group>";
		};
		906A23D92CB508D10095A705 /* Preview Content */ = {
			isa = PBXGroup;
			children = (
				906A23DA2CB508D10095A705 /* Preview Assets.xcassets */,
			);
			path = "Preview Content";
			sourceTree = "<group>";
		};
		906A23E62CB5F4D00095A705 /* Transaction */ = {
			isa = PBXGroup;
			children = (
				906A23E72CB5F4ED0095A705 /* TransactionView.swift */,
			);
			path = Transaction;
			sourceTree = "<group>";
		};
		906A23EB2CB5F7450095A705 /* Merchants */ = {
			isa = PBXGroup;
			children = (
				906A23ED2CB5F7710095A705 /* MerchantView.swift */,
			);
			path = Merchants;
			sourceTree = "<group>";
		};
		906A23EC2CB5F74D0095A705 /* Visuals */ = {
			isa = PBXGroup;
			children = (
				906A23EF2CB5F7870095A705 /* VisualView.swift */,
			);
			path = Visuals;
			sourceTree = "<group>";
		};
/* End PBXGroup section */

/* Begin PBXNativeTarget section */
		906A23CF2CB508D00095A705 /* Finance Calculator */ = {
			isa = PBXNativeTarget;
			buildConfigurationList = 906A23E32CB508D10095A705 /* Build configuration list for PBXNativeTarget "Finance Calculator" */;
			buildPhases = (
				906A23CC2CB508D00095A705 /* Sources */,
				906A23CD2CB508D00095A705 /* Frameworks */,
				906A23CE2CB508D00095A705 /* Resources */,
			);
			buildRules = (
			);
			dependencies = (
			);
			name = "Finance Calculator";
			productName = "Finance Calculator";
			productReference = 906A23D02CB508D00095A705 /* Finance Calculator.app */;
			productType = "com.apple.product-type.application";
		};
/* End PBXNativeTarget section */

/* Begin PBXProject section */
		906A23C82CB508D00095A705 /* Project object */ = {
			isa = PBXProject;
			attributes = {
				BuildIndependentTargetsInParallel = 1;
				LastSwiftUpdateCheck = 1520;
				LastUpgradeCheck = 1520;
				TargetAttributes = {
					906A23CF2CB508D00095A705 = {
						CreatedOnToolsVersion = 15.2;
					};
				};
			};
			buildConfigurationList = 906A23CB2CB508D00095A705 /* Build configuration list for PBXProject "Finance Calculator" */;
			compatibilityVersion = "Xcode 14.0";
			developmentRegion = en;
			hasScannedForEncodings = 0;
			knownRegions = (
				en,
				Base,
			);
			mainGroup = 906A23C72CB508D00095A705;
			productRefGroup = 906A23D12CB508D00095A705 /* Products */;
			projectDirPath = "";
			projectRoot = "";
			targets = (
				906A23CF2CB508D00095A705 /* Finance Calculator */,
			);
		};
/* End PBXProject section */

/* Begin PBXResourcesBuildPhase section */
		906A23CE2CB508D00095A705 /* Resources */ = {
			isa = PBXResourcesBuildPhase;
			buildActionMask = 2147483647;
			files = (
				906A23DB2CB508D10095A705 /* Preview Assets.xcassets in Resources */,
				906A23D82CB508D10095A705 /* Assets.xcassets in Resources */,
			);
			runOnlyForDeploymentPostprocessing = 0;
		};
/* End PBXResourcesBuildPhase section */

/* Begin PBXSourcesBuildPhase section */
		906A23CC2CB508D00095A705 /* Sources */ = {
			isa = PBXSourcesBuildPhase;
			buildActionMask = 2147483647;
			files = (
				906A23E02CB508D10095A705 /* Finance_Calculator.xcdatamodeld in Sources */,
				906A23DD2CB508D10095A705 /* Persistence.swift in Sources */,
				906A23F02CB5F7870095A705 /* VisualView.swift in Sources */,
				906A23E82CB5F4ED0095A705 /* TransactionView.swift in Sources */,
				906A23D62CB508D00095A705 /* ContentView.swift in Sources */,
				906A23D42CB508D00095A705 /* Finance_CalculatorApp.swift in Sources */,
				906A23EE2CB5F7710095A705 /* MerchantView.swift in Sources */,
				906A23EA2CB5F54E0095A705 /* ExampleView.swift in Sources */,
			);
			runOnlyForDeploymentPostprocessing = 0;
		};
/* End PBXSourcesBuildPhase section */

/* Begin XCBuildConfiguration section */
		906A23E12CB508D10095A705 /* Debug */ = {
			isa = XCBuildConfiguration;
			buildSettings = {
				ALWAYS_SEARCH_USER_PATHS = NO;
				ASSETCATALOG_COMPILER_GENERATE_SWIFT_ASSET_SYMBOL_EXTENSIONS = YES;
				CLANG_ANALYZER_NONNULL = YES;
				CLANG_ANALYZER_NUMBER_OBJECT_CONVERSION = YES_AGGRESSIVE;
				CLANG_CXX_LANGUAGE_STANDARD = "gnu++20";
				CLANG_ENABLE_MODULES = YES;
				CLANG_ENABLE_OBJC_ARC = YES;
				CLANG_ENABLE_OBJC_WEAK = YES;
				CLANG_WARN_BLOCK_CAPTURE_AUTORELEASING = YES;
				CLANG_WARN_BOOL_CONVERSION = YES;
				CLANG_WARN_COMMA = YES;
				CLANG_WARN_CONSTANT_CONVERSION = YES;
				CLANG_WARN_DEPRECATED_OBJC_IMPLEMENTATIONS = YES;
				CLANG_WARN_DIRECT_OBJC_ISA_USAGE = YES_ERROR;
				CLANG_WARN_DOCUMENTATION_COMMENTS = YES;
				CLANG_WARN_EMPTY_BODY = YES;
				CLANG_WARN_ENUM_CONVERSION = YES;
				CLANG_WARN_INFINITE_RECURSION = YES;
				CLANG_WARN_INT_CONVERSION = YES;
				CLANG_WARN_NON_LITERAL_NULL_CONVERSION = YES;
				CLANG_WARN_OBJC_IMPLICIT_RETAIN_SELF = YES;
				CLANG_WARN_OBJC_LITERAL_CONVERSION = YES;
				CLANG_WARN_OBJC_ROOT_CLASS = YES_ERROR;
				CLANG_WARN_QUOTED_INCLUDE_IN_FRAMEWORK_HEADER = YES;
				CLANG_WARN_RANGE_LOOP_ANALYSIS = YES;
				CLANG_WARN_STRICT_PROTOTYPES = YES;
				CLANG_WARN_SUSPICIOUS_MOVE = YES;
				CLANG_WARN_UNGUARDED_AVAILABILITY = YES_AGGRESSIVE;
				CLANG_WARN_UNREACHABLE_CODE = YES;
				CLANG_WARN__DUPLICATE_METHOD_MATCH = YES;
				COPY_PHASE_STRIP = NO;
				DEBUG_INFORMATION_FORMAT = dwarf;
				ENABLE_STRICT_OBJC_MSGSEND = YES;
				ENABLE_TESTABILITY = YES;
				ENABLE_USER_SCRIPT_SANDBOXING = YES;
				GCC_C_LANGUAGE_STANDARD = gnu17;
				GCC_DYNAMIC_NO_PIC = NO;
				GCC_NO_COMMON_BLOCKS = YES;
				GCC_OPTIMIZATION_LEVEL = 0;
				GCC_PREPROCESSOR_DEFINITIONS = (
					"DEBUG=1",
					"$(inherited)",
				);
				GCC_WARN_64_TO_32_BIT_CONVERSION = YES;
				GCC_WARN_ABOUT_RETURN_TYPE = YES_ERROR;
				GCC_WARN_UNDECLARED_SELECTOR = YES;
				GCC_WARN_UNINITIALIZED_AUTOS = YES_AGGRESSIVE;
				GCC_WARN_UNUSED_FUNCTION = YES;
				GCC_WARN_UNUSED_VARIABLE = YES;
				IPHONEOS_DEPLOYMENT_TARGET = 17.2;
				LOCALIZATION_PREFERS_STRING_CATALOGS = YES;
				MTL_ENABLE_DEBUG_INFO = INCLUDE_SOURCE;
				MTL_FAST_MATH = YES;
				ONLY_ACTIVE_ARCH = YES;
				SDKROOT = iphoneos;
				SWIFT_ACTIVE_COMPILATION_CONDITIONS = "DEBUG $(inherited)";
				SWIFT_OPTIMIZATION_LEVEL = "-Onone";
			};
			name = Debug;
		};
		906A23E22CB508D10095A705 /* Release */ = {
			isa = XCBuildConfiguration;
			buildSettings = {
				ALWAYS_SEARCH_USER_PATHS = NO;
				ASSETCATALOG_COMPILER_GENERATE_SWIFT_ASSET_SYMBOL_EXTENSIONS = YES;
				CLANG_ANALYZER_NONNULL = YES;
				CLANG_ANALYZER_NUMBER_OBJECT_CONVERSION = YES_AGGRESSIVE;
				CLANG_CXX_LANGUAGE_STANDARD = "gnu++20";
				CLANG_ENABLE_MODULES = YES;
				CLANG_ENABLE_OBJC_ARC = YES;
				CLANG_ENABLE_OBJC_WEAK = YES;
				CLANG_WARN_BLOCK_CAPTURE_AUTORELEASING = YES;
				CLANG_WARN_BOOL_CONVERSION = YES;
				CLANG_WARN_COMMA = YES;
				CLANG_WARN_CONSTANT_CONVERSION = YES;
				CLANG_WARN_DEPRECATED_OBJC_IMPLEMENTATIONS = YES;
				CLANG_WARN_DIRECT_OBJC_ISA_USAGE = YES_ERROR;
				CLANG_WARN_DOCUMENTATION_COMMENTS = YES;
				CLANG_WARN_EMPTY_BODY = YES;
				CLANG_WARN_ENUM_CONVERSION = YES;
				CLANG_WARN_INFINITE_RECURSION = YES;
				CLANG_WARN_INT_CONVERSION = YES;
				CLANG_WARN_NON_LITERAL_NULL_CONVERSION = YES;
				CLANG_WARN_OBJC_IMPLICIT_RETAIN_SELF = YES;
				CLANG_WARN_OBJC_LITERAL_CONVERSION = YES;
				CLANG_WARN_OBJC_ROOT_CLASS = YES_ERROR;
				CLANG_WARN_QUOTED_INCLUDE_IN_FRAMEWORK_HEADER = YES;
				CLANG_WARN_RANGE_LOOP_ANALYSIS = YES;
				CLANG_WARN_STRICT_PROTOTYPES = YES;
				CLANG_WARN_SUSPICIOUS_MOVE = YES;
				CLANG_WARN_UNGUARDED_AVAILABILITY = YES_AGGRESSIVE;
				CLANG_WARN_UNREACHABLE_CODE = YES;
				CLANG_WARN__DUPLICATE_METHOD_MATCH = YES;
				COPY_PHASE_STRIP = NO;
				DEBUG_INFORMATION_FORMAT = "dwarf-with-dsym";
				ENABLE_NS_ASSERTIONS = NO;
				ENABLE_STRICT_OBJC_MSGSEND = YES;
				ENABLE_USER_SCRIPT_SANDBOXING = YES;
				GCC_C_LANGUAGE_STANDARD = gnu17;
				GCC_NO_COMMON_BLOCKS = YES;
				GCC_WARN_64_TO_32_BIT_CONVERSION = YES;
				GCC_WARN_ABOUT_RETURN_TYPE = YES_ERROR;
				GCC_WARN_UNDECLARED_SELECTOR = YES;
				GCC_WARN_UNINITIALIZED_AUTOS = YES_AGGRESSIVE;
				GCC_WARN_UNUSED_FUNCTION = YES;
				GCC_WARN_UNUSED_VARIABLE = YES;
				IPHONEOS_DEPLOYMENT_TARGET = 17.2;
				LOCALIZATION_PREFERS_STRING_CATALOGS = YES;
				MTL_ENABLE_DEBUG_INFO = NO;
				MTL_FAST_MATH = YES;
				SDKROOT = iphoneos;
				SWIFT_COMPILATION_MODE = wholemodule;
				VALIDATE_PRODUCT = YES;
			};
			name = Release;
		};
		906A23E42CB508D10095A705 /* Debug */ = {
			isa = XCBuildConfiguration;
			buildSettings = {
				ASSETCATALOG_COMPILER_APPICON_NAME = AppIcon;
				ASSETCATALOG_COMPILER_GLOBAL_ACCENT_COLOR_NAME = AccentColor;
				CODE_SIGN_STYLE = Automatic;
				CURRENT_PROJECT_VERSION = 1;
				DEVELOPMENT_ASSET_PATHS = "\"Finance Calculator/Preview Content\"";
				DEVELOPMENT_TEAM = 35T7LUKJ28;
				ENABLE_PREVIEWS = YES;
				GENERATE_INFOPLIST_FILE = YES;
				INFOPLIST_KEY_UIApplicationSceneManifest_Generation = YES;
				INFOPLIST_KEY_UIApplicationSupportsIndirectInputEvents = YES;
				INFOPLIST_KEY_UILaunchScreen_Generation = YES;
				INFOPLIST_KEY_UISupportedInterfaceOrientations_iPad = "UIInterfaceOrientationPortrait UIInterfaceOrientationPortraitUpsideDown UIInterfaceOrientationLandscapeLeft UIInterfaceOrientationLandscapeRight";
				INFOPLIST_KEY_UISupportedInterfaceOrientations_iPhone = "UIInterfaceOrientationPortrait UIInterfaceOrientationLandscapeLeft UIInterfaceOrientationLandscapeRight";
				LD_RUNPATH_SEARCH_PATHS = (
					"$(inherited)",
					"@executable_path/Frameworks",
				);
				MARKETING_VERSION = 1.0;
				PRODUCT_BUNDLE_IDENTIFIER = "rhysjulianjones.Finance-Calculator";
				PRODUCT_NAME = "$(TARGET_NAME)";
				SWIFT_EMIT_LOC_STRINGS = YES;
				SWIFT_VERSION = 5.0;
				TARGETED_DEVICE_FAMILY = "1,2";
			};
			name = Debug;
		};
		906A23E52CB508D10095A705 /* Release */ = {
			isa = XCBuildConfiguration;
			buildSettings = {
				ASSETCATALOG_COMPILER_APPICON_NAME = AppIcon;
				ASSETCATALOG_COMPILER_GLOBAL_ACCENT_COLOR_NAME = AccentColor;
				CODE_SIGN_STYLE = Automatic;
				CURRENT_PROJECT_VERSION = 1;
				DEVELOPMENT_ASSET_PATHS = "\"Finance Calculator/Preview Content\"";
				DEVELOPMENT_TEAM = 35T7LUKJ28;
				ENABLE_PREVIEWS = YES;
				GENERATE_INFOPLIST_FILE = YES;
				INFOPLIST_KEY_UIApplicationSceneManifest_Generation = YES;
				INFOPLIST_KEY_UIApplicationSupportsIndirectInputEvents = YES;
				INFOPLIST_KEY_UILaunchScreen_Generation = YES;
				INFOPLIST_KEY_UISupportedInterfaceOrientations_iPad = "UIInterfaceOrientationPortrait UIInterfaceOrientationPortraitUpsideDown UIInterfaceOrientationLandscapeLeft UIInterfaceOrientationLandscapeRight";
				INFOPLIST_KEY_UISupportedInterfaceOrientations_iPhone = "UIInterfaceOrientationPortrait UIInterfaceOrientationLandscapeLeft UIInterfaceOrientationLandscapeRight";
				LD_RUNPATH_SEARCH_PATHS = (
					"$(inherited)",
					"@executable_path/Frameworks",
				);
				MARKETING_VERSION = 1.0;
				PRODUCT_BUNDLE_IDENTIFIER = "rhysjulianjones.Finance-Calculator";
				PRODUCT_NAME = "$(TARGET_NAME)";
				SWIFT_EMIT_LOC_STRINGS = YES;
				SWIFT_VERSION = 5.0;
				TARGETED_DEVICE_FAMILY = "1,2";
			};
			name = Release;
		};
/* End XCBuildConfiguration section */

/* Begin XCConfigurationList section */
		906A23CB2CB508D00095A705 /* Build configuration list for PBXProject "Finance Calculator" */ = {
			isa = XCConfigurationList;
			buildConfigurations = (
				906A23E12CB508D10095A705 /* Debug */,
				906A23E22CB508D10095A705 /* Release */,
			);
			defaultConfigurationIsVisible = 0;
			defaultConfigurationName = Release;
		};
		906A23E32CB508D10095A705 /* Build configuration list for PBXNativeTarget "Finance Calculator" */ = {
			isa = XCConfigurationList;
			buildConfigurations = (
				906A23E42CB508D10095A705 /* Debug */,
				906A23E52CB508D10095A705 /* Release */,
			);
			defaultConfigurationIsVisible = 0;
			defaultConfigurationName = Release;
		};
/* End XCConfigurationList section */

/* Begin XCVersionGroup section */
		906A23DE2CB508D10095A705 /* Finance_Calculator.xcdatamodeld */ = {
			isa = XCVersionGroup;
			children = (
				906A23DF2CB508D10095A705 /* Finance_Calculator.xcdatamodel */,
			);
			currentVersion = 906A23DF2CB508D10095A705 /* Finance_Calculator.xcdatamodel */;
			path = Finance_Calculator.xcdatamodeld;
			sourceTree = "<group>";
			versionGroupType = wrapper.xcdatamodel;
		};
/* End XCVersionGroup section */
	};
	rootObject = 906A23C82CB508D00095A705 /* Project object */;
}
